Microsoft Visual Studio Solution File, Format Version 11.00
# Visual Studio 2010
Project("{FAE04EC0-301F-11D3-BF4B-00C04F79EFBC}") = "Assembly-CSharp", "Assembly-CSharp.csproj", "{973DFC67-A18C-724A-5C0D-1E26B70C0BD0}"
EndProject
Project("{FAE04EC0-301F-11D3-BF4B-00C04F79EFBC}") = "Assembly-CSharp-Editor-firstpass", "Assembly-CSharp-Editor-firstpass.csproj", "{7F0EE0B6-2CD0-91FC-A2C0-7D7CDCAEE168}"
EndProject
Project("{FAE04EC0-301F-11D3-BF4B-00C04F79EFBC}") = "Assembly-CSharp-Editor", "Assembly-CSharp-Editor.csproj", "{A4B017D7-65AA-083E-BDF5-6401BD615064}"
EndProject
Global
	GlobalSection(SolutionConfigurationPlatforms) = preSolution
		Debug|Any CPU = Debug|Any CPU
		Release|Any CPU = Release|Any CPU
	EndGlobalSection
	GlobalSection(ProjectConfigurationPlatforms) = postSolution
		{973DFC67-A18C-724A-5C0D-1E26B70C0BD0}.Debug|Any CPU.ActiveCfg = Debug|Any CPU
		{973DFC67-A18C-724A-5C0D-1E26B70C0BD0}.Debug|Any CPU.Build.0 = Debug|Any CPU
		{973DFC67-A18C-724A-5C0D-1E26B70C0BD0}.Release|Any CPU.ActiveCfg = Release|Any CPU
		{973DFC67-A18C-724A-5C0D-1E26B70C0BD0}.Release|Any CPU.Build.0 = Release|Any CPU
		{7F0EE0B6-2CD0-91FC-A2C0-7D7CDCAEE168}.Debug|Any CPU.ActiveCfg = Debug|Any CPU
		{7F0EE0B6-2CD0-91FC-A2C0-7D7CDCAEE168}.Debug|Any CPU.Build.0 = Debug|Any CPU
		{7F0EE0B6-2CD0-91FC-A2C0-7D7CDCAEE168}.Release|Any CPU.ActiveCfg = Release|Any CPU
		{7F0EE0B6-2CD0-91FC-A2C0-7D7CDCAEE168}.Release|Any CPU.Build.0 = Release|Any CPU
		{A4B017D7-65AA-083E-BDF5-6401BD615064}.Debug|Any CPU.ActiveCfg = Debug|Any CPU
		{A4B017D7-65AA-083E-BDF5-6401BD615064}.Debug|Any CPU.Build.0 = Debug|Any CPU
		{A4B017D7-65AA-083E-BDF5-6401BD615064}.Release|Any CPU.ActiveCfg = Release|Any CPU
		{A4B017D7-65AA-083E-BDF5-6401BD615064}.Release|Any CPU.Build.0 = Release|Any CPU
	EndGlobalSection
	GlobalSection(SolutionProperties) = preSolution
		HideSolutionNode = FALSE
	EndGlobalSection
	GlobalSection(MonoDevelopProperties) = preSolution
		StartupItem = Assembly-CSharp.csproj
	EndGlobalSection
EndGlobal
